
Microsoft Visual Studio Solution File, Format Version 12.00
# Visual Studio Version 17
VisualStudioVersion = 17.2.32616.157
MinimumVisualStudioVersion = 10.0.40219.1
Project("{FAE04EC0-301F-11D3-BF4B-00C04F79EFBC}") = "Singleton", "Singleton\Singleton.csproj", "{9812C818-DB47-41B0-89DE-F7B4A468CE22}"
EndProject
Global
	GlobalSection(SolutionConfigurationPlatforms) = preSolution
		Debug|Any CPU = Debug|Any CPU
		Release|Any CPU = Release|Any CPU
	EndGlobalSection
	GlobalSection(ProjectConfigurationPlatforms) = postSolution
		{9812C818-DB47-41B0-89DE-F7B4A468CE22}.Debug|Any CPU.ActiveCfg = Debug|Any CPU
		{9812C818-DB47-41B0-89DE-F7B4A468CE22}.Debug|Any CPU.Build.0 = Debug|Any CPU
		{9812C818-DB47-41B0-89DE-F7B4A468CE22}.Release|Any CPU.ActiveCfg = Release|Any CPU
		{9812C818-DB47-41B0-89DE-F7B4A468CE22}.Release|Any CPU.Build.0 = Release|Any CPU
	EndGlobalSection
	GlobalSection(SolutionProperties) = preSolution
		HideSolutionNode = FALSE
	EndGlobalSection
	GlobalSection(ExtensibilityGlobals) = postSolution
		SolutionGuid = {A94D8284-BA8A-4A82-9654-734094497E13}
	EndGlobalSection
EndGlobal
